Microsoft Visual Studio Solution File, Format Version 12.00
# Visual Studio Version 17
VisualStudioVersion = 17.0.31903.59
MinimumVisualStudioVersion = 10.0.40219.1
Project("{2150E333-8FDC-42A3-9474-1A3956D46DE8}") = "src", "src", "{A8B8F24D-3181-45BF-9ED3-F734E04F0BC8}"
EndProject
Project("{9A19103F-16F7-4668-BE54-9A1E7A4F7556}") = "PepperDash.Core", "src\PepperDash.Core\PepperDash.Core.csproj", "{1E5D8C7C-A4D0-4D0E-A6B0-9E3F3D9C8B7A}"
EndProject
Project("{9A19103F-16F7-4668-BE54-9A1E7A4F7556}") = "PepperDash.Essentials.Core", "src\PepperDash.Essentials.Core\PepperDash.Essentials.Core.csproj", "{2E5D8C7C-A4D0-4D0E-A6B0-9E3F3D9C8B7B}"
EndProject
Project("{2150E333-8FDC-42A3-9474-1A3956D46DE8}") = "tests", "tests", "{B8B8F24D-3181-45BF-9ED3-F734E04F0BC9}"
EndProject
Project("{9A19103F-16F7-4668-BE54-9A1E7A4F7556}") = "PepperDash.Essentials.Core.Tests", "tests\PepperDash.Essentials.Core.Tests\PepperDash.Essentials.Core.Tests.csproj", "{3E5D8C7C-A4D0-4D0E-A6B0-9E3F3D9C8B7C}"
EndProject
Global
	GlobalSection(SolutionConfigurationPlatforms) = preSolution
		Debug|Any CPU = Debug|Any CPU
		Release|Any CPU = Release|Any CPU
	EndGlobalSection
	GlobalSection(ProjectConfigurationPlatforms) = postSolution
		{1E5D8C7C-A4D0-4D0E-A6B0-9E3F3D9C8B7A}.Debug|Any CPU.ActiveCfg = Debug|Any CPU
		{1E5D8C7C-A4D0-4D0E-A6B0-9E3F3D9C8B7A}.Debug|Any CPU.Build.0 = Debug|Any CPU
		{1E5D8C7C-A4D0-4D0E-A6B0-9E3F3D9C8B7A}.Release|Any CPU.ActiveCfg = Release|Any CPU
		{1E5D8C7C-A4D0-4D0E-A6B0-9E3F3D9C8B7A}.Release|Any CPU.Build.0 = Release|Any CPU
		{2E5D8C7C-A4D0-4D0E-A6B0-9E3F3D9C8B7B}.Debug|Any CPU.ActiveCfg = Debug|Any CPU
		{2E5D8C7C-A4D0-4D0E-A6B0-9E3F3D9C8B7B}.Debug|Any CPU.Build.0 = Debug|Any CPU
		{2E5D8C7C-A4D0-4D0E-A6B0-9E3F3D9C8B7B}.Release|Any CPU.ActiveCfg = Release|Any CPU
		{2E5D8C7C-A4D0-4D0E-A6B0-9E3F3D9C8B7B}.Release|Any CPU.Build.0 = Release|Any CPU
		{3E5D8C7C-A4D0-4D0E-A6B0-9E3F3D9C8B7C}.Debug|Any CPU.ActiveCfg = Debug|Any CPU
		{3E5D8C7C-A4D0-4D0E-A6B0-9E3F3D9C8B7C}.Debug|Any CPU.Build.0 = Debug|Any CPU
		{3E5D8C7C-A4D0-4D0E-A6B0-9E3F3D9C8B7C}.Release|Any CPU.ActiveCfg = Release|Any CPU
		{3E5D8C7C-A4D0-4D0E-A6B0-9E3F3D9C8B7C}.Release|Any CPU.Build.0 = Release|Any CPU
	EndGlobalSection
	GlobalSection(SolutionProperties) = preSolution
		HideSolutionNode = FALSE
	EndGlobalSection
	GlobalSection(NestedProjects) = preSolution
		{1E5D8C7C-A4D0-4D0E-A6B0-9E3F3D9C8B7A} = {A8B8F24D-3181-45BF-9ED3-F734E04F0BC8}
		{2E5D8C7C-A4D0-4D0E-A6B0-9E3F3D9C8B7B} = {A8B8F24D-3181-45BF-9ED3-F734E04F0BC8}
		{3E5D8C7C-A4D0-4D0E-A6B0-9E3F3D9C8B7C} = {B8B8F24D-3181-45BF-9ED3-F734E04F0BC9}
	EndGlobalSection
EndGlobal