
Microsoft Visual Studio Solution File, Format Version 10.00
# Visual Studio 2008
Project("{FAE04EC0-301F-11D3-BF4B-00C04F79EFBC}") = "PepperDash.Essentials.Core", "PepperDash.Essentials.Core.csproj", "{A49AD6C8-FC0A-4CC0-9089-DFB4CF92D2B5}"
EndProject
Global
	GlobalSection(SolutionConfigurationPlatforms) = preSolution
		Debug|Any CPU = Debug|Any CPU
		Release|Any CPU = Release|Any CPU
	EndGlobalSection
	GlobalSection(ProjectConfigurationPlatforms) = postSolution
		{A49AD6C8-FC0A-4CC0-9089-DFB4CF92D2B5}.Debug|Any CPU.ActiveCfg = Debug|Any CPU
		{A49AD6C8-FC0A-4CC0-9089-DFB4CF92D2B5}.Debug|Any CPU.Build.0 = Debug|Any CPU
		{A49AD6C8-FC0A-4CC0-9089-DFB4CF92D2B5}.Release|Any CPU.ActiveCfg = Release|Any CPU
		{A49AD6C8-FC0A-4CC0-9089-DFB4CF92D2B5}.Release|Any CPU.Build.0 = Release|Any CPU
	EndGlobalSection
	GlobalSection(SolutionProperties) = preSolution
		HideSolutionNode = FALSE
	EndGlobalSection
EndGlobal
